
Microsoft Visual Studio Solution File, Format Version 12.00
# Visual Studio Version 16
VisualStudioVersion = 16.0.29613.14
MinimumVisualStudioVersion = 10.0.40219.1
Project("{FAE04EC0-301F-11D3-BF4B-00C04F79EFBC}") = "tramiservices.api", "tramiservices.api\tramiservices.api.csproj", "{87A7B203-7AAD-4634-B5CA-877C7F6E88F0}"
EndProject
Global
	GlobalSection(SolutionConfigurationPlatforms) = preSolution
		Debug|Any CPU = Debug|Any CPU
		Release|Any CPU = Release|Any CPU
	EndGlobalSection
	GlobalSection(ProjectConfigurationPlatforms) = postSolution
		{87A7B203-7AAD-4634-B5CA-877C7F6E88F0}.Debug|Any CPU.ActiveCfg = Debug|Any CPU
		{87A7B203-7AAD-4634-B5CA-877C7F6E88F0}.Debug|Any CPU.Build.0 = Debug|Any CPU
		{87A7B203-7AAD-4634-B5CA-877C7F6E88F0}.Release|Any CPU.ActiveCfg = Release|Any CPU
		{87A7B203-7AAD-4634-B5CA-877C7F6E88F0}.Release|Any CPU.Build.0 = Release|Any CPU
	EndGlobalSection
	GlobalSection(SolutionProperties) = preSolution
		HideSolutionNode = FALSE
	EndGlobalSection
	GlobalSection(ExtensibilityGlobals) = postSolution
		SolutionGuid = {DB6F4E3B-5137-4F3B-ABB7-5137D1E9C88D}
	EndGlobalSection
EndGlobal
